
Microsoft Visual Studio Solution File, Format Version 12.00
# Visual Studio Version 17
VisualStudioVersion = 17.10.35122.118
MinimumVisualStudioVersion = 10.0.40219.1
Project("{FAE04EC0-301F-11D3-BF4B-00C04F79EFBC}") = "PapichProject", "PapichProject\PapichProject.csproj", "{E0C49F3E-9951-48FB-B13D-78C1C63552C0}"
EndProject
Global
	GlobalSection(SolutionConfigurationPlatforms) = preSolution
		Debug|Any CPU = Debug|Any CPU
		Release|Any CPU = Release|Any CPU
	EndGlobalSection
	GlobalSection(ProjectConfigurationPlatforms) = postSolution
		{E0C49F3E-9951-48FB-B13D-78C1C63552C0}.Debug|Any CPU.ActiveCfg = Debug|Any CPU
		{E0C49F3E-9951-48FB-B13D-78C1C63552C0}.Debug|Any CPU.Build.0 = Debug|Any CPU
		{E0C49F3E-9951-48FB-B13D-78C1C63552C0}.Release|Any CPU.ActiveCfg = Release|Any CPU
		{E0C49F3E-9951-48FB-B13D-78C1C63552C0}.Release|Any CPU.Build.0 = Release|Any CPU
	EndGlobalSection
	GlobalSection(SolutionProperties) = preSolution
		HideSolutionNode = FALSE
	EndGlobalSection
	GlobalSection(ExtensibilityGlobals) = postSolution
		SolutionGuid = {37E9D4D9-C4C1-4B8D-B3A0-5E8DCB08E462}
	EndGlobalSection
EndGlobal
