
Microsoft Visual Studio Solution File, Format Version 12.00
# Visual Studio Version 17
VisualStudioVersion = 17.10.35122.118
MinimumVisualStudioVersion = 10.0.40219.1
Project("{9A19103F-16F7-4668-BE54-9A1E7A4F7556}") = "VideoProcessing", "PapichProject\VideoProcessing.csproj", "{E0C49F3E-9951-48FB-B13D-78C1C63552C0}"
EndProject
Project("{9A19103F-16F7-4668-BE54-9A1E7A4F7556}") = "TelegramBot", "TelegramBot\TelegramBot.csproj", "{66DC9FF3-97EB-459E-A7A6-B02A30FBF2BE}"
EndProject
Project("{9A19103F-16F7-4668-BE54-9A1E7A4F7556}") = "PaymentService(NOWPaymentsService)", "PaymentService(NOWPaymentsService)\PaymentService(NOWPaymentsService).csproj", "{7812971E-7F75-49CC-8F87-9513D4749450}"
EndProject
Project("{9A19103F-16F7-4668-BE54-9A1E7A4F7556}") = "Domain", "Domain\Domain.csproj", "{07DDCA19-1432-411A-B1FA-D727B05F9602}"
EndProject
Project("{9A19103F-16F7-4668-BE54-9A1E7A4F7556}") = "DataAccess", "DataAccess\DataAccess.csproj", "{86FBCF48-1999-47CE-B284-6C657F24286F}"
EndProject
Project("{9A19103F-16F7-4668-BE54-9A1E7A4F7556}") = "SeleniumProject", "SeleniumProject\SeleniumProject.csproj", "{D9DC0822-DE68-4ADF-8C81-4694EEDAA69C}"
EndProject
Global
	GlobalSection(SolutionConfigurationPlatforms) = preSolution
		Debug|Any CPU = Debug|Any CPU
		Release|Any CPU = Release|Any CPU
	EndGlobalSection
	GlobalSection(ProjectConfigurationPlatforms) = postSolution
		{E0C49F3E-9951-48FB-B13D-78C1C63552C0}.Debug|Any CPU.ActiveCfg = Debug|Any CPU
		{E0C49F3E-9951-48FB-B13D-78C1C63552C0}.Debug|Any CPU.Build.0 = Debug|Any CPU
		{E0C49F3E-9951-48FB-B13D-78C1C63552C0}.Release|Any CPU.ActiveCfg = Release|Any CPU
		{E0C49F3E-9951-48FB-B13D-78C1C63552C0}.Release|Any CPU.Build.0 = Release|Any CPU
		{66DC9FF3-97EB-459E-A7A6-B02A30FBF2BE}.Debug|Any CPU.ActiveCfg = Debug|Any CPU
		{66DC9FF3-97EB-459E-A7A6-B02A30FBF2BE}.Debug|Any CPU.Build.0 = Debug|Any CPU
		{66DC9FF3-97EB-459E-A7A6-B02A30FBF2BE}.Release|Any CPU.ActiveCfg = Release|Any CPU
		{66DC9FF3-97EB-459E-A7A6-B02A30FBF2BE}.Release|Any CPU.Build.0 = Release|Any CPU
		{7812971E-7F75-49CC-8F87-9513D4749450}.Debug|Any CPU.ActiveCfg = Debug|Any CPU
		{7812971E-7F75-49CC-8F87-9513D4749450}.Debug|Any CPU.Build.0 = Debug|Any CPU
		{7812971E-7F75-49CC-8F87-9513D4749450}.Release|Any CPU.ActiveCfg = Release|Any CPU
		{7812971E-7F75-49CC-8F87-9513D4749450}.Release|Any CPU.Build.0 = Release|Any CPU
		{07DDCA19-1432-411A-B1FA-D727B05F9602}.Debug|Any CPU.ActiveCfg = Debug|Any CPU
		{07DDCA19-1432-411A-B1FA-D727B05F9602}.Debug|Any CPU.Build.0 = Debug|Any CPU
		{07DDCA19-1432-411A-B1FA-D727B05F9602}.Release|Any CPU.ActiveCfg = Release|Any CPU
		{07DDCA19-1432-411A-B1FA-D727B05F9602}.Release|Any CPU.Build.0 = Release|Any CPU
		{86FBCF48-1999-47CE-B284-6C657F24286F}.Debug|Any CPU.ActiveCfg = Debug|Any CPU
		{86FBCF48-1999-47CE-B284-6C657F24286F}.Debug|Any CPU.Build.0 = Debug|Any CPU
		{86FBCF48-1999-47CE-B284-6C657F24286F}.Release|Any CPU.ActiveCfg = Release|Any CPU
		{86FBCF48-1999-47CE-B284-6C657F24286F}.Release|Any CPU.Build.0 = Release|Any CPU
		{D9DC0822-DE68-4ADF-8C81-4694EEDAA69C}.Debug|Any CPU.ActiveCfg = Debug|Any CPU
		{D9DC0822-DE68-4ADF-8C81-4694EEDAA69C}.Debug|Any CPU.Build.0 = Debug|Any CPU
		{D9DC0822-DE68-4ADF-8C81-4694EEDAA69C}.Release|Any CPU.ActiveCfg = Release|Any CPU
		{D9DC0822-DE68-4ADF-8C81-4694EEDAA69C}.Release|Any CPU.Build.0 = Release|Any CPU
	EndGlobalSection
	GlobalSection(SolutionProperties) = preSolution
		HideSolutionNode = FALSE
	EndGlobalSection
	GlobalSection(ExtensibilityGlobals) = postSolution
		SolutionGuid = {37E9D4D9-C4C1-4B8D-B3A0-5E8DCB08E462}
	EndGlobalSection
EndGlobal
